
Microsoft Visual Studio Solution File, Format Version 12.00
# Visual Studio Version 17
VisualStudioVersion = 17.14.36408.4
MinimumVisualStudioVersion = 10.0.40219.1
Project("{9A19103F-16F7-4668-BE54-9A1E7A4F7556}") = "gerenciamneto", "gerenciamneto.csproj", "{8FFDF57F-6AF7-41AC-AC28-2BC06ECB1B6A}"
EndProject
Project("{54435603-DBB4-11D2-8724-00A0C9A8B90C}") = "Setup1", "..\Setup1\Setup1.vdproj", "{A8184573-4F95-4820-BB0C-CC148E491B8C}"
EndProject
Global
	GlobalSection(SolutionConfigurationPlatforms) = preSolution
		Debug|Any CPU = Debug|Any CPU
		Release|Any CPU = Release|Any CPU
	EndGlobalSection
	GlobalSection(ProjectConfigurationPlatforms) = postSolution
		{8FFDF57F-6AF7-41AC-AC28-2BC06ECB1B6A}.Debug|Any CPU.ActiveCfg = Debug|Any CPU
		{8FFDF57F-6AF7-41AC-AC28-2BC06ECB1B6A}.Debug|Any CPU.Build.0 = Debug|Any CPU
		{8FFDF57F-6AF7-41AC-AC28-2BC06ECB1B6A}.Release|Any CPU.ActiveCfg = Release|Any CPU
		{8FFDF57F-6AF7-41AC-AC28-2BC06ECB1B6A}.Release|Any CPU.Build.0 = Release|Any CPU
		{A8184573-4F95-4820-BB0C-CC148E491B8C}.Debug|Any CPU.ActiveCfg = Debug
		{A8184573-4F95-4820-BB0C-CC148E491B8C}.Release|Any CPU.ActiveCfg = Release
	EndGlobalSection
	GlobalSection(SolutionProperties) = preSolution
		HideSolutionNode = FALSE
	EndGlobalSection
	GlobalSection(ExtensibilityGlobals) = postSolution
		SolutionGuid = {778974F8-F0C1-43B1-A455-6BC860FE522C}
	EndGlobalSection
EndGlobal
